{
  "version": 4,
  "terraform_version": "1.9.4",
  "serial": 14,
  "lineage": "04d8653d-8864-cad2-2dd2-fa3259f11e9c",
  "outputs": {
    "kubernetes_cluster_name": {
      "value": "wordpress-gke-cluster",
      "type": "string"
    },
    "kubernetes_endpoint": {
      "value": "34.118.67.210",
      "type": "string"
    }
  },
  "resources": [
    {
      "mode": "managed",
      "type": "google_container_cluster",
      "name": "gke_cluster",
      "provider": "provider[\"registry.terraform.io/hashicorp/google\"]",
      "instances": [
        {
          "schema_version": 1,
          "attributes": {
            "addons_config": [
              {
                "cloudrun_config": [],
                "config_connector_config": [],
                "dns_cache_config": [],
                "gce_persistent_disk_csi_driver_config": [
                  {
                    "enabled": true
                  }
                ],
                "gcp_filestore_csi_driver_config": [],
                "gcs_fuse_csi_driver_config": [],
                "gke_backup_agent_config": [],
                "horizontal_pod_autoscaling": [],
                "http_load_balancing": [],
                "network_policy_config": [
                  {
                    "disabled": true
                  }
                ]
              }
            ],
            "allow_net_admin": null,
            "authenticator_groups_config": [],
            "binary_authorization": [
              {
                "enabled": false,
                "evaluation_mode": ""
              }
            ],
            "cluster_autoscaling": [
              {
                "auto_provisioning_defaults": [],
                "enabled": false,
                "resource_limits": []
              }
            ],
            "cluster_ipv4_cidr": "10.56.0.0/14",
            "confidential_nodes": [],
            "cost_management_config": [],
            "database_encryption": [
              {
                "key_name": "",
                "state": "DECRYPTED"
              }
            ],
            "datapath_provider": "",
            "default_max_pods_per_node": null,
            "default_snat_status": [
              {
                "disabled": false
              }
            ],
            "description": "",
            "dns_config": [],
            "enable_autopilot": false,
            "enable_binary_authorization": false,
            "enable_intranode_visibility": false,
            "enable_k8s_beta_apis": [],
            "enable_kubernetes_alpha": false,
            "enable_l4_ilb_subsetting": false,
            "enable_legacy_abac": false,
            "enable_shielded_nodes": true,
            "enable_tpu": false,
            "endpoint": "34.118.67.210",
            "gateway_api_config": [],
            "id": "projects/gke-wordpress-440211/locations/europe-central2/clusters/wordpress-gke-cluster",
            "initial_node_count": 1,
            "ip_allocation_policy": [],
            "label_fingerprint": "a9dc16a7",
            "location": "europe-central2",
            "logging_config": [
              {
                "enable_components": [
                  "SYSTEM_COMPONENTS",
                  "WORKLOADS"
                ]
              }
            ],
            "logging_service": "logging.googleapis.com/kubernetes",
            "maintenance_policy": [],
            "master_auth": [
              {
                "client_certificate": "",
                "client_certificate_config": [
                  {
                    "issue_client_certificate": false
                  }
                ],
                "client_key": "",
                "cluster_ca_certificate": "LS0tLS1CRUdJTiBDRVJUSUZJQ0FURS0tLS0tCk1JSUVMVENDQXBXZ0F3SUJBZ0lSQUt5YXk5b2JmeDhQMmdzUExCblp6d1F3RFFZSktvWklodmNOQVFFTEJRQXcKTHpFdE1Dc0dBMVVFQXhNa05UazNaR0poWVRFdE1qSXhOeTAwWWpnekxUaGhNell0TURRNU5qQXpaamMxT1RVMwpNQ0FYRFRJME1UQXpNREUwTVRrd05Gb1lEekl3TlRReE1ESXpNVFV4T1RBMFdqQXZNUzB3S3dZRFZRUURFeVExCk9UZGtZbUZoTVMweU1qRTNMVFJpT0RNdE9HRXpOaTB3TkRrMk1ETm1OelU1TlRjd2dnR2lNQTBHQ1NxR1NJYjMKRFFFQkFRVUFBNElCandBd2dnR0tBb0lCZ1FEc2t4Z0JDdnRiVlZpTVRzZFZoNnRHdWw0bUtLUlNyOFFJVjAvNQpCZW5PUjNXNkxlT2hWUC8vRlhuWWgyWkFmemM0ZWo1ZGNNR0tnLzc3WVhOK2x4MWJwRW5oNTdUVVBJRFdCVGl4CjdTL0V2dTFya3ZmU0JUYmZpM0YybFk5a2RvRWUyQkx0bmxVZXoxd1ZqbG9oZTczWUs2dDdUZkxSZElmcWY4T2YKdW84R2EydFQ4eTRIc3ZYaGI2eHBMVTBnWFNuQnNwakFocWZZZEtsQXBoY011Y2NCekw0a3NnL202ekl5cEFtaApkdHZQNnNUTXBEOVA0UnIybXNvMHpsbzdYUndjWlNOeUVGYkVNTmFJWlN2YSsyK2dLQjlPT0wxZi9PL3BtNWdFCkFtcWJjb3d4TWV6MDVJTFMvSjdydG5QaFVVTWQ4N1VGbHRqNENybVJJeXlYbXhJTUFPVEZ5UjRKdkFaZzV4YmcKb2J3MDFrZDF4TUExVGtFRFlBNXF4Z3RFUW5rNVhUZ1lrYXhMa2hxbjhsc3pEOWdaRG05c2x0clBKK3p6T0tPOQowV0xiSms1SW9OS0FSOWRROE1sUkVqZDViUnZLNGp4VVRQMURqUFF3VUI1aURUVzBIRDdoeUVLbkExSk9FVWZBCnFxTUxJZm9VN094dHZsVFJkcXdiMmZYRnZDTUNBd0VBQWFOQ01FQXdEZ1lEVlIwUEFRSC9CQVFEQWdJRU1BOEcKQTFVZEV3RUIvd1FGTUFNQkFmOHdIUVlEVlIwT0JCWUVGS292cUhnZ3JScERDamNqZGh6MStOa0doVEJ3TUEwRwpDU3FHU0liM0RRRUJDd1VBQTRJQmdRQk43Z0FkUDN6RnJoQmtXK1FaSnhaVzBHWlVseG9RZFNoMkw5VXpMeW9wCjZyQ2N6YXVlSi8vZzFNYWl1MTNqMXVDTFMzS0hSdnJKVkJOSG15aXBXbFIzQkdIQXNnR3pudFV6V2wwS0lVS3AKK0ppVUpVSGdIUU51cGJPM0FtWmxDN2FGb0g3QzV2dXBMb2tnblZJR291a25la1FvTjkvcitOT0xRVXZLSGFQMgpQQlIzbk13djk1MHNvWkJpZ0M3RyszbitVeXZEZlY3L2pxMjNrbXhnZTJsem95a1hDeU9xVWY1YmdXcFZ2Mi8xCk15L1Q2amg5Y1JrL0FFZUNlQlFCSEZ0TzU1WFFVeWtPWThwaWlDd01DcHNVRlRaRFYzUjg5M21IbDc3TFNYSUQKRjBhQ2cxWVRjcjZDaUlqdlVhYTV1Y29qQW95UzlZdGZJeHdIRHpjOGlqRmZVQ1JadkhGKzlkMjd1V0dQYnd5VAp1TTVpOXduSTVMbWtaaXFLYVRSbWlHYXJ4RTh3OVhrMHg0WlhuV0hYUTRmTGVpUHZjQ001YWlweDRRZ2RGc0c4ClRlMHRGK0k4WmluWXlsd1lqL25yM3MyMC94RzBZRWt5VEJSQWR2MjI4aXVqeUJuSldOSnkxdWJ2R1hKOUR0OUUKQVhCeFl3elZob1hlZGlYT2IrdzRRYWM9Ci0tLS0tRU5EIENFUlRJRklDQVRFLS0tLS0K"
              }
            ],
            "master_authorized_networks_config": [],
            "master_version": "1.28.14-gke.1099000",
            "mesh_certificates": [],
            "min_master_version": "1.28",
            "monitoring_config": [
              {
                "advanced_datapath_observability_config": [
                  {
                    "enable_metrics": false,
                    "relay_mode": ""
                  }
                ],
                "enable_components": [
                  "SYSTEM_COMPONENTS"
                ],
                "managed_prometheus": [
                  {
                    "enabled": true
                  }
                ]
              }
            ],
            "monitoring_service": "monitoring.googleapis.com/kubernetes",
            "name": "wordpress-gke-cluster",
            "network": "projects/gke-wordpress-440211/global/networks/default",
            "network_policy": [
              {
                "enabled": false,
                "provider": "PROVIDER_UNSPECIFIED"
              }
            ],
            "networking_mode": "ROUTES",
            "node_config": [],
            "node_locations": [
              "europe-central2-a",
              "europe-central2-b",
              "europe-central2-c"
            ],
            "node_pool": [],
            "node_pool_auto_config": [],
            "node_pool_defaults": [
              {
                "node_config_defaults": [
                  {
                    "logging_variant": "DEFAULT"
                  }
                ]
              }
            ],
            "node_version": "1.28.14-gke.1099000",
            "notification_config": [
              {
                "pubsub": [
                  {
                    "enabled": false,
                    "filter": [],
                    "topic": ""
                  }
                ]
              }
            ],
            "operation": null,
            "private_cluster_config": [
              {
                "enable_private_endpoint": false,
                "enable_private_nodes": false,
                "master_global_access_config": [
                  {
                    "enabled": false
                  }
                ],
                "master_ipv4_cidr_block": "",
                "peering_name": "",
                "private_endpoint": "10.186.0.6",
                "private_endpoint_subnetwork": "",
                "public_endpoint": "34.118.67.210"
              }
            ],
            "private_ipv6_google_access": "",
            "project": "gke-wordpress-440211",
            "release_channel": [
              {
                "channel": "STABLE"
              }
            ],
            "remove_default_node_pool": true,
            "resource_labels": null,
            "resource_usage_export_config": [],
            "security_posture_config": [
              {
                "mode": "BASIC",
                "vulnerability_mode": "VULNERABILITY_MODE_UNSPECIFIED"
              }
            ],
            "self_link": "https://container.googleapis.com/v1/projects/gke-wordpress-440211/locations/europe-central2/clusters/wordpress-gke-cluster",
            "service_external_ips_config": [
              {
                "enabled": false
              }
            ],
            "services_ipv4_cidr": "10.59.240.0/20",
            "subnetwork": "projects/gke-wordpress-440211/regions/europe-central2/subnetworks/default",
            "timeouts": null,
            "tpu_ipv4_cidr_block": "",
            "vertical_pod_autoscaling": [],
            "workload_identity_config": []
          },
          "sensitive_attributes": [
            [
              {
                "type": "get_attr",
                "value": "master_auth"
              },
              {
                "type": "index",
                "value": {
                  "value": 0,
                  "type": "number"
                }
              },
              {
                "type": "get_attr",
                "value": "client_key"
              }
            ]
          ],
          "private": "eyJlMmJmYjczMC1lY2FhLTExZTYtOGY4OC0zNDM2M2JjN2M0YzAiOnsiY3JlYXRlIjoyNDAwMDAwMDAwMDAwLCJkZWxldGUiOjI0MDAwMDAwMDAwMDAsInJlYWQiOjI0MDAwMDAwMDAwMDAsInVwZGF0ZSI6MzYwMDAwMDAwMDAwMH0sInNjaGVtYV92ZXJzaW9uIjoiMSJ9"
        }
      ]
    },
    {
      "mode": "managed",
      "type": "google_container_node_pool",
      "name": "gke_node_pool",
      "provider": "provider[\"registry.terraform.io/hashicorp/google\"]",
      "instances": [
        {
          "schema_version": 1,
          "attributes": {
            "autoscaling": [],
            "cluster": "wordpress-gke-cluster",
            "id": "projects/gke-wordpress-440211/locations/europe-central2/clusters/wordpress-gke-cluster/nodePools/wordpress-node-pool",
            "initial_node_count": 1,
            "instance_group_urls": [
              "https://www.googleapis.com/compute/v1/projects/gke-wordpress-440211/zones/europe-central2-b/instanceGroupManagers/gke-wordpress-gke-cl-wordpress-node-p-572359f2-grp",
              "https://www.googleapis.com/compute/v1/projects/gke-wordpress-440211/zones/europe-central2-c/instanceGroupManagers/gke-wordpress-gke-cl-wordpress-node-p-44c2aabf-grp",
              "https://www.googleapis.com/compute/v1/projects/gke-wordpress-440211/zones/europe-central2-a/instanceGroupManagers/gke-wordpress-gke-cl-wordpress-node-p-49120667-grp"
            ],
            "location": "europe-central2",
            "managed_instance_group_urls": [
              "https://www.googleapis.com/compute/v1/projects/gke-wordpress-440211/zones/europe-central2-b/instanceGroups/gke-wordpress-gke-cl-wordpress-node-p-572359f2-grp",
              "https://www.googleapis.com/compute/v1/projects/gke-wordpress-440211/zones/europe-central2-c/instanceGroups/gke-wordpress-gke-cl-wordpress-node-p-44c2aabf-grp",
              "https://www.googleapis.com/compute/v1/projects/gke-wordpress-440211/zones/europe-central2-a/instanceGroups/gke-wordpress-gke-cl-wordpress-node-p-49120667-grp"
            ],
            "management": [
              {
                "auto_repair": true,
                "auto_upgrade": true
              }
            ],
            "max_pods_per_node": null,
            "name": "wordpress-node-pool",
            "name_prefix": "",
            "network_config": [],
            "node_config": [
              {
                "advanced_machine_features": [],
                "boot_disk_kms_key": "",
                "confidential_nodes": [],
                "disk_size_gb": 100,
                "disk_type": "pd-balanced",
                "ephemeral_storage_local_ssd_config": [],
                "fast_socket": [],
                "gcfs_config": [],
                "guest_accelerator": [],
                "gvnic": [],
                "host_maintenance_policy": [],
                "image_type": "COS_CONTAINERD",
                "kubelet_config": [],
                "labels": {},
                "linux_node_config": [],
                "local_nvme_ssd_block_config": [],
                "local_ssd_count": 0,
                "logging_variant": "DEFAULT",
                "machine_type": "e2-medium",
                "metadata": {
                  "disable-legacy-endpoints": "true"
                },
                "min_cpu_platform": "",
                "node_group": "",
                "oauth_scopes": [
                  "https://www.googleapis.com/auth/cloud-platform"
                ],
                "preemptible": false,
                "reservation_affinity": [],
                "resource_labels": null,
                "service_account": "default",
                "shielded_instance_config": [
                  {
                    "enable_integrity_monitoring": true,
                    "enable_secure_boot": false
                  }
                ],
                "sole_tenant_config": [],
                "spot": false,
                "tags": null,
                "taint": [],
                "workload_metadata_config": []
              }
            ],
            "node_count": 1,
            "node_locations": [
              "europe-central2-a",
              "europe-central2-b",
              "europe-central2-c"
            ],
            "operation": null,
            "placement_policy": [],
            "project": "gke-wordpress-440211",
            "timeouts": null,
            "upgrade_settings": [
              {
                "blue_green_settings": [],
                "max_surge": 1,
                "max_unavailable": 0,
                "strategy": "SURGE"
              }
            ],
            "version": "1.28.14-gke.1099000"
          },
          "sensitive_attributes": [],
          "private": "eyJlMmJmYjczMC1lY2FhLTExZTYtOGY4OC0zNDM2M2JjN2M0YzAiOnsiY3JlYXRlIjoxODAwMDAwMDAwMDAwLCJkZWxldGUiOjE4MDAwMDAwMDAwMDAsInVwZGF0ZSI6MTgwMDAwMDAwMDAwMH0sInNjaGVtYV92ZXJzaW9uIjoiMSJ9",
          "dependencies": [
            "google_container_cluster.gke_cluster"
          ]
        }
      ]
    }
  ],
  "check_results": null
}
